// !$*UTF8*$!
{
	archiveVersion = 1;
	classes = {
	};
	objectVersion = 46;
	objects = {

/* Begin PBXBuildFile section */
		477712731AAB70850053D433 /* main.m in Sources */ = {isa = PBXBuildFile; fileRef = 477712721AAB70850053D433 /* main.m */; };
		477712761AAB70850053D433 /* AppDelegate.m in Sources */ = {isa = PBXBuildFile; fileRef = 477712751AAB70850053D433 /* AppDelegate.m */; };
		477712791AAB70850053D433 /* GrumpyGif.xcdatamodeld in Sources */ = {isa = PBXBuildFile; fileRef = 477712771AAB70850053D433 /* GrumpyGif.xcdatamodeld */; };
		4777127B1AAB70850053D433 /* Images.xcassets in Resources */ = {isa = PBXBuildFile; fileRef = 4777127A1AAB70850053D433 /* Images.xcassets */; };
		4777127E1AAB70850053D433 /* LaunchScreen.xib in Resources */ = {isa = PBXBuildFile; fileRef = 4777127C1AAB70850053D433 /* LaunchScreen.xib */; };
		4777128A1AAB70850053D433 /* GrumpyGifTests.m in Sources */ = {isa = PBXBuildFile; fileRef = 477712891AAB70850053D433 /* GrumpyGifTests.m */; };
		477712971AAB73C70053D433 /* Images.m in Sources */ = {isa = PBXBuildFile; fileRef = 477712961AAB73C70053D433 /* Images.m */; };
		4777129A1AAB73EA0053D433 /* Images+Model.m in Sources */ = {isa = PBXBuildFile; fileRef = 477712991AAB73EA0053D433 /* Images+Model.m */; };
		4777129D1AAB780B0053D433 /* UIImage+animatedGIF.m in Sources */ = {isa = PBXBuildFile; fileRef = 4777129C1AAB780B0053D433 /* UIImage+animatedGIF.m */; };
		477712A31AAB93F70053D433 /* MainViewController.m in Sources */ = {isa = PBXBuildFile; fileRef = 477712A21AAB93F70053D433 /* MainViewController.m */; };
		477712A61AAB95390053D433 /* UIColor+FlatColors.m in Sources */ = {isa = PBXBuildFile; fileRef = 477712A51AAB95390053D433 /* UIColor+FlatColors.m */; };
		477712A91AAB96040053D433 /* UIColor+RandomColors.m in Sources */ = {isa = PBXBuildFile; fileRef = 477712A81AAB96040053D433 /* UIColor+RandomColors.m */; };
		477712AB1AAB9E710053D433 /* giphy.gif in Resources */ = {isa = PBXBuildFile; fileRef = 477712AA1AAB9E710053D433 /* giphy.gif */; };
		477712AF1AAB9FE00053D433 /* MainViewCell.m in Sources */ = {isa = PBXBuildFile; fileRef = 477712AE1AAB9FE00053D433 /* MainViewCell.m */; };
		477712B61AABB12F0053D433 /* GrumpyGifStyleKit.m in Sources */ = {isa = PBXBuildFile; fileRef = 477712B41AABB12F0053D433 /* GrumpyGifStyleKit.m */; };
		477712B91AABB87A0053D433 /* CoreDataStack.m in Sources */ = {isa = PBXBuildFile; fileRef = 477712B81AABB87A0053D433 /* CoreDataStack.m */; };
		477712BE1AABBACE0053D433 /* BaseInteractor.m in Sources */ = {isa = PBXBuildFile; fileRef = 477712BD1AABBACE0053D433 /* BaseInteractor.m */; };
/* End PBXBuildFile section */

/* Begin PBXContainerItemProxy section */
		477712841AAB70850053D433 /* PBXContainerItemProxy */ = {
			isa = PBXContainerItemProxy;
			containerPortal = 477712651AAB70850053D433 /* Project object */;
			proxyType = 1;
			remoteGlobalIDString = 4777126C1AAB70850053D433;
			remoteInfo = GrumpyGif;
		};
/* End PBXContainerItemProxy section */

/* Begin PBXFileReference section */
		4777126D1AAB70850053D433 /* GrumpyGif.app */ = {isa = PBXFileReference; explicitFileType = wrapper.application; includeInIndex = 0; path = GrumpyGif.app; sourceTree = BUILT_PRODUCTS_DIR; };
		477712711AAB70850053D433 /* Info.plist */ = {isa = PBXFileReference; lastKnownFileType = text.plist.xml; path = Info.plist; sourceTree = "<group>"; };
		477712721AAB70850053D433 /* main.m */ = {isa = PBXFileReference; lastKnownFileType = sourcecode.c.objc; path = main.m; sourceTree = "<group>"; };
		477712741AAB70850053D433 /* AppDelegate.h */ = {isa = PBXFileReference; lastKnownFileType = sourcecode.c.h; path = AppDelegate.h; sourceTree = "<group>"; };
		477712751AAB70850053D433 /* AppDelegate.m */ = {isa = PBXFileReference; lastKnownFileType = sourcecode.c.objc; path = AppDelegate.m; sourceTree = "<group>"; };
		477712781AAB70850053D433 /* GrumpyGif.xcdatamodel */ = {isa = PBXFileReference; lastKnownFileType = wrapper.xcdatamodel; path = GrumpyGif.xcdatamodel; sourceTree = "<group>"; };
		4777127A1AAB70850053D433 /* Images.xcassets */ = {isa = PBXFileReference; lastKnownFileType = folder.assetcatalog; path = Images.xcassets; sourceTree = "<group>"; };
		4777127D1AAB70850053D433 /* Base */ = {isa = PBXFileReference; lastKnownFileType = file.xib; name = Base; path = Base.lproj/LaunchScreen.xib; sourceTree = "<group>"; };
		477712831AAB70850053D433 /* GrumpyGifTests.xctest */ = {isa = PBXFileReference; explicitFileType = wrapper.cfbundle; includeInIndex = 0; path = GrumpyGifTests.xctest; sourceTree = BUILT_PRODUCTS_DIR; };
		477712881AAB70850053D433 /* Info.plist */ = {isa = PBXFileReference; lastKnownFileType = text.plist.xml; path = Info.plist; sourceTree = "<group>"; };
		477712891AAB70850053D433 /* GrumpyGifTests.m */ = {isa = PBXFileReference; lastKnownFileType = sourcecode.c.objc; path = GrumpyGifTests.m; sourceTree = "<group>"; };
		477712951AAB73C70053D433 /* Images.h */ = {isa = PBXFileReference; fileEncoding = 4; lastKnownFileType = sourcecode.c.h; path = Images.h; sourceTree = "<group>"; };
		477712961AAB73C70053D433 /* Images.m */ = {isa = PBXFileReference; fileEncoding = 4; lastKnownFileType = sourcecode.c.objc; path = Images.m; sourceTree = "<group>"; };
		477712981AAB73EA0053D433 /* Images+Model.h */ = {isa = PBXFileReference; fileEncoding = 4; lastKnownFileType = sourcecode.c.h; path = "Images+Model.h"; sourceTree = "<group>"; };
		477712991AAB73EA0053D433 /* Images+Model.m */ = {isa = PBXFileReference; fileEncoding = 4; lastKnownFileType = sourcecode.c.objc; path = "Images+Model.m"; sourceTree = "<group>"; };
		4777129B1AAB780B0053D433 /* UIImage+animatedGIF.h */ = {isa = PBXFileReference; fileEncoding = 4; lastKnownFileType = sourcecode.c.h; path = "UIImage+animatedGIF.h"; sourceTree = "<group>"; };
		4777129C1AAB780B0053D433 /* UIImage+animatedGIF.m */ = {isa = PBXFileReference; fileEncoding = 4; lastKnownFileType = sourcecode.c.objc; path = "UIImage+animatedGIF.m"; sourceTree = "<group>"; };
		477712A11AAB93F70053D433 /* MainViewController.h */ = {isa = PBXFileReference; fileEncoding = 4; lastKnownFileType = sourcecode.c.h; path = MainViewController.h; sourceTree = "<group>"; };
		477712A21AAB93F70053D433 /* MainViewController.m */ = {isa = PBXFileReference; fileEncoding = 4; lastKnownFileType = sourcecode.c.objc; path = MainViewController.m; sourceTree = "<group>"; };
		477712A41AAB95390053D433 /* UIColor+FlatColors.h */ = {isa = PBXFileReference; fileEncoding = 4; lastKnownFileType = sourcecode.c.h; path = "UIColor+FlatColors.h"; sourceTree = "<group>"; };
		477712A51AAB95390053D433 /* UIColor+FlatColors.m */ = {isa = PBXFileReference; fileEncoding = 4; lastKnownFileType = sourcecode.c.objc; path = "UIColor+FlatColors.m"; sourceTree = "<group>"; };
		477712A71AAB96040053D433 /* UIColor+RandomColors.h */ = {isa = PBXFileReference; fileEncoding = 4; lastKnownFileType = sourcecode.c.h; path = "UIColor+RandomColors.h"; sourceTree = "<group>"; };
		477712A81AAB96040053D433 /* UIColor+RandomColors.m */ = {isa = PBXFileReference; fileEncoding = 4; lastKnownFileType = sourcecode.c.objc; path = "UIColor+RandomColors.m"; sourceTree = "<group>"; };
		477712AA1AAB9E710053D433 /* giphy.gif */ = {isa = PBXFileReference; lastKnownFileType = image.gif; path = giphy.gif; sourceTree = "<group>"; };
		477712AD1AAB9FE00053D433 /* MainViewCell.h */ = {isa = PBXFileReference; fileEncoding = 4; lastKnownFileType = sourcecode.c.h; path = MainViewCell.h; sourceTree = "<group>"; };
		477712AE1AAB9FE00053D433 /* MainViewCell.m */ = {isa = PBXFileReference; fileEncoding = 4; lastKnownFileType = sourcecode.c.objc; path = MainViewCell.m; sourceTree = "<group>"; };
		477712B41AABB12F0053D433 /* GrumpyGifStyleKit.m */ = {isa = PBXFileReference; fileEncoding = 4; lastKnownFileType = sourcecode.c.objc; path = GrumpyGifStyleKit.m; sourceTree = "<group>"; };
		477712B51AABB12F0053D433 /* GrumpyGifStyleKit.h */ = {isa = PBXFileReference; fileEncoding = 4; lastKnownFileType = sourcecode.c.h; path = GrumpyGifStyleKit.h; sourceTree = "<group>"; };
		477712B71AABB87A0053D433 /* CoreDataStack.h */ = {isa = PBXFileReference; fileEncoding = 4; lastKnownFileType = sourcecode.c.h; path = CoreDataStack.h; sourceTree = "<group>"; };
		477712B81AABB87A0053D433 /* CoreDataStack.m */ = {isa = PBXFileReference; fileEncoding = 4; lastKnownFileType = sourcecode.c.objc; path = CoreDataStack.m; sourceTree = "<group>"; };
		477712BC1AABBACE0053D433 /* BaseInteractor.h */ = {isa = PBXFileReference; fileEncoding = 4; lastKnownFileType = sourcecode.c.h; path = BaseInteractor.h; sourceTree = "<group>"; };
		477712BD1AABBACE0053D433 /* BaseInteractor.m */ = {isa = PBXFileReference; fileEncoding = 4; lastKnownFileType = sourcecode.c.objc; path = BaseInteractor.m; sourceTree = "<group>"; };
/* End PBXFileReference section */

/* Begin PBXFrameworksBuildPhase section */
		4777126A1AAB70850053D433 /* Frameworks */ = {
			isa = PBXFrameworksBuildPhase;
			buildActionMask = 2147483647;
			files = (
			);
			runOnlyForDeploymentPostprocessing = 0;
		};
		477712801AAB70850053D433 /* Frameworks */ = {
			isa = PBXFrameworksBuildPhase;
			buildActionMask = 2147483647;
			files = (
			);
			runOnlyForDeploymentPostprocessing = 0;
		};
/* End PBXFrameworksBuildPhase section */

/* Begin PBXGroup section */
		477712641AAB70850053D433 = {
			isa = PBXGroup;
			children = (
				4777126F1AAB70850053D433 /* GrumpyGif */,
				477712861AAB70850053D433 /* GrumpyGifTests */,
				4777126E1AAB70850053D433 /* Products */,
			);
			sourceTree = "<group>";
		};
		4777126E1AAB70850053D433 /* Products */ = {
			isa = PBXGroup;
			children = (
				4777126D1AAB70850053D433 /* GrumpyGif.app */,
				477712831AAB70850053D433 /* GrumpyGifTests.xctest */,
			);
			name = Products;
			sourceTree = "<group>";
		};
		4777126F1AAB70850053D433 /* GrumpyGif */ = {
			isa = PBXGroup;
			children = (
				477712BB1AABBA890053D433 /* UseCases */,
				477712BA1AABBA7D0053D433 /* Providers */,
				477712B31AABAF7D0053D433 /* Helpers */,
				477712931AAB712C0053D433 /* AppDelegate */,
				4777129F1AAB7D350053D433 /* Data */,
				477712A01AAB93D20053D433 /* Secciones */,
				4777129E1AAB78120053D433 /* Categories */,
				477712941AAB73B10053D433 /* Model */,
				4777127A1AAB70850053D433 /* Images.xcassets */,
				4777127C1AAB70850053D433 /* LaunchScreen.xib */,
				477712701AAB70850053D433 /* Supporting Files */,
			);
			path = GrumpyGif;
			sourceTree = "<group>";
		};
		477712701AAB70850053D433 /* Supporting Files */ = {
			isa = PBXGroup;
			children = (
				477712AA1AAB9E710053D433 /* giphy.gif */,
				477712711AAB70850053D433 /* Info.plist */,
				477712721AAB70850053D433 /* main.m */,
			);
			name = "Supporting Files";
			sourceTree = "<group>";
		};
		477712861AAB70850053D433 /* GrumpyGifTests */ = {
			isa = PBXGroup;
			children = (
				477712891AAB70850053D433 /* GrumpyGifTests.m */,
				477712871AAB70850053D433 /* Supporting Files */,
			);
			path = GrumpyGifTests;
			sourceTree = "<group>";
		};
		477712871AAB70850053D433 /* Supporting Files */ = {
			isa = PBXGroup;
			children = (
				477712881AAB70850053D433 /* Info.plist */,
			);
			name = "Supporting Files";
			sourceTree = "<group>";
		};
		477712931AAB712C0053D433 /* AppDelegate */ = {
			isa = PBXGroup;
			children = (
				477712741AAB70850053D433 /* AppDelegate.h */,
				477712751AAB70850053D433 /* AppDelegate.m */,
			);
			name = AppDelegate;
			sourceTree = "<group>";
		};
		477712941AAB73B10053D433 /* Model */ = {
			isa = PBXGroup;
			children = (
				477712951AAB73C70053D433 /* Images.h */,
				477712961AAB73C70053D433 /* Images.m */,
				477712981AAB73EA0053D433 /* Images+Model.h */,
				477712991AAB73EA0053D433 /* Images+Model.m */,
				477712B71AABB87A0053D433 /* CoreDataStack.h */,
				477712B81AABB87A0053D433 /* CoreDataStack.m */,
			);
			name = Model;
			sourceTree = "<group>";
		};
		4777129E1AAB78120053D433 /* Categories */ = {
			isa = PBXGroup;
			children = (
				477712A41AAB95390053D433 /* UIColor+FlatColors.h */,
				477712A51AAB95390053D433 /* UIColor+FlatColors.m */,
				4777129B1AAB780B0053D433 /* UIImage+animatedGIF.h */,
				4777129C1AAB780B0053D433 /* UIImage+animatedGIF.m */,
				477712A71AAB96040053D433 /* UIColor+RandomColors.h */,
				477712A81AAB96040053D433 /* UIColor+RandomColors.m */,
			);
			name = Categories;
			sourceTree = "<group>";
		};
		4777129F1AAB7D350053D433 /* Data */ = {
			isa = PBXGroup;
			children = (
				477712771AAB70850053D433 /* GrumpyGif.xcdatamodeld */,
			);
			name = Data;
			sourceTree = "<group>";
		};
		477712A01AAB93D20053D433 /* Secciones */ = {
			isa = PBXGroup;
			children = (
				477712AC1AAB9FB20053D433 /* Cell */,
				477712A11AAB93F70053D433 /* MainViewController.h */,
				477712A21AAB93F70053D433 /* MainViewController.m */,
			);
			name = Secciones;
			sourceTree = "<group>";
		};
		477712AC1AAB9FB20053D433 /* Cell */ = {
			isa = PBXGroup;
			children = (
				477712AD1AAB9FE00053D433 /* MainViewCell.h */,
				477712AE1AAB9FE00053D433 /* MainViewCell.m */,
			);
			name = Cell;
			sourceTree = "<group>";
		};
		477712B31AABAF7D0053D433 /* Helpers */ = {
			isa = PBXGroup;
			children = (
				477712B51AABB12F0053D433 /* GrumpyGifStyleKit.h */,
				477712B41AABB12F0053D433 /* GrumpyGifStyleKit.m */,
			);
			name = Helpers;
			sourceTree = "<group>";
		};
		477712BA1AABBA7D0053D433 /* Providers */ = {
			isa = PBXGroup;
			children = (
			);
			name = Providers;
			sourceTree = "<group>";
		};
		477712BB1AABBA890053D433 /* UseCases */ = {
			isa = PBXGroup;
			children = (
				477712BC1AABBACE0053D433 /* BaseInteractor.h */,
				477712BD1AABBACE0053D433 /* BaseInteractor.m */,
			);
			name = UseCases;
			sourceTree = "<group>";
		};
/* End PBXGroup section */

/* Begin PBXNativeTarget section */
		4777126C1AAB70850053D433 /* GrumpyGif */ = {
			isa = PBXNativeTarget;
			buildConfigurationList = 4777128D1AAB70850053D433 /* Build configuration list for PBXNativeTarget "GrumpyGif" */;
			buildPhases = (
				477712691AAB70850053D433 /* Sources */,
				4777126A1AAB70850053D433 /* Frameworks */,
				4777126B1AAB70850053D433 /* Resources */,
			);
			buildRules = (
			);
			dependencies = (
			);
			name = GrumpyGif;
			productName = GrumpyGif;
			productReference = 4777126D1AAB70850053D433 /* GrumpyGif.app */;
			productType = "com.apple.product-type.application";
		};
		477712821AAB70850053D433 /* GrumpyGifTests */ = {
			isa = PBXNativeTarget;
			buildConfigurationList = 477712901AAB70850053D433 /* Build configuration list for PBXNativeTarget "GrumpyGifTests" */;
			buildPhases = (
				4777127F1AAB70850053D433 /* Sources */,
				477712801AAB70850053D433 /* Frameworks */,
				477712811AAB70850053D433 /* Resources */,
			);
			buildRules = (
			);
			dependencies = (
				477712851AAB70850053D433 /* PBXTargetDependency */,
			);
			name = GrumpyGifTests;
			productName = GrumpyGifTests;
			productReference = 477712831AAB70850053D433 /* GrumpyGifTests.xctest */;
			productType = "com.apple.product-type.bundle.unit-test";
		};
/* End PBXNativeTarget section */

/* Begin PBXProject section */
		477712651AAB70850053D433 /* Project object */ = {
			isa = PBXProject;
			attributes = {
				LastUpgradeCheck = 0610;
				ORGANIZATIONNAME = "Armando Carmona";
				TargetAttributes = {
					4777126C1AAB70850053D433 = {
						CreatedOnToolsVersion = 6.1.1;
					};
					477712821AAB70850053D433 = {
						CreatedOnToolsVersion = 6.1.1;
						TestTargetID = 4777126C1AAB70850053D433;
					};
				};
			};
			buildConfigurationList = 477712681AAB70850053D433 /* Build configuration list for PBXProject "GrumpyGif" */;
			compatibilityVersion = "Xcode 3.2";
			developmentRegion = English;
			hasScannedForEncodings = 0;
			knownRegions = (
				en,
				Base,
			);
			mainGroup = 477712641AAB70850053D433;
			productRefGroup = 4777126E1AAB70850053D433 /* Products */;
			projectDirPath = "";
			projectRoot = "";
			targets = (
				4777126C1AAB70850053D433 /* GrumpyGif */,
				477712821AAB70850053D433 /* GrumpyGifTests */,
			);
		};
/* End PBXProject section */

/* Begin PBXResourcesBuildPhase section */
		4777126B1AAB70850053D433 /* Resources */ = {
			isa = PBXResourcesBuildPhase;
			buildActionMask = 2147483647;
			files = (
				4777127E1AAB70850053D433 /* LaunchScreen.xib in Resources */,
				477712AB1AAB9E710053D433 /* giphy.gif in Resources */,
				4777127B1AAB70850053D433 /* Images.xcassets in Resources */,
			);
			runOnlyForDeploymentPostprocessing = 0;
		};
		477712811AAB70850053D433 /* Resources */ = {
			isa = PBXResourcesBuildPhase;
			buildActionMask = 2147483647;
			files = (
			);
			runOnlyForDeploymentPostprocessing = 0;
		};
/* End PBXResourcesBuildPhase section */

/* Begin PBXSourcesBuildPhase section */
		477712691AAB70850053D433 /* Sources */ = {
			isa = PBXSourcesBuildPhase;
			buildActionMask = 2147483647;
			files = (
				477712A61AAB95390053D433 /* UIColor+FlatColors.m in Sources */,
				477712761AAB70850053D433 /* AppDelegate.m in Sources */,
				4777129D1AAB780B0053D433 /* UIImage+animatedGIF.m in Sources */,
				477712AF1AAB9FE00053D433 /* MainViewCell.m in Sources */,
				477712971AAB73C70053D433 /* Images.m in Sources */,
				477712BE1AABBACE0053D433 /* BaseInteractor.m in Sources */,
				477712791AAB70850053D433 /* GrumpyGif.xcdatamodeld in Sources */,
				477712B61AABB12F0053D433 /* GrumpyGifStyleKit.m in Sources */,
				477712A31AAB93F70053D433 /* MainViewController.m in Sources */,
				4777129A1AAB73EA0053D433 /* Images+Model.m in Sources */,
				477712A91AAB96040053D433 /* UIColor+RandomColors.m in Sources */,
				477712731AAB70850053D433 /* main.m in Sources */,
				477712B91AABB87A0053D433 /* CoreDataStack.m in Sources */,
			);
			runOnlyForDeploymentPostprocessing = 0;
		};
		4777127F1AAB70850053D433 /* Sources */ = {
			isa = PBXSourcesBuildPhase;
			buildActionMask = 2147483647;
			files = (
				4777128A1AAB70850053D433 /* GrumpyGifTests.m in Sources */,
			);
			runOnlyForDeploymentPostprocessing = 0;
		};
/* End PBXSourcesBuildPhase section */

/* Begin PBXTargetDependency section */
		477712851AAB70850053D433 /* PBXTargetDependency */ = {
			isa = PBXTargetDependency;
			target = 4777126C1AAB70850053D433 /* GrumpyGif */;
			targetProxy = 477712841AAB70850053D433 /* PBXContainerItemProxy */;
		};
/* End PBXTargetDependency section */

/* Begin PBXVariantGroup section */
		4777127C1AAB70850053D433 /* LaunchScreen.xib */ = {
			isa = PBXVariantGroup;
			children = (
				4777127D1AAB70850053D433 /* Base */,
			);
			name = LaunchScreen.xib;
			sourceTree = "<group>";
		};
/* End PBXVariantGroup section */

/* Begin XCBuildConfiguration section */
		4777128B1AAB70850053D433 /* Debug */ = {
			isa = XCBuildConfiguration;
			buildSettings = {
				ALWAYS_SEARCH_USER_PATHS = NO;
				CLANG_CXX_LANGUAGE_STANDARD = "gnu++0x";
				CLANG_CXX_LIBRARY = "libc++";
				CLANG_ENABLE_MODULES = YES;
				CLANG_ENABLE_OBJC_ARC = YES;
				CLANG_WARN_BOOL_CONVERSION = YES;
				CLANG_WARN_CONSTANT_CONVERSION = YES;
				CLANG_WARN_DIRECT_OBJC_ISA_USAGE = YES_ERROR;
				CLANG_WARN_EMPTY_BODY = YES;
				CLANG_WARN_ENUM_CONVERSION = YES;
				CLANG_WARN_INT_CONVERSION = YES;
				CLANG_WARN_OBJC_ROOT_CLASS = YES_ERROR;
				CLANG_WARN_UNREACHABLE_CODE = YES;
				CLANG_WARN__DUPLICATE_METHOD_MATCH = YES;
				"CODE_SIGN_IDENTITY[sdk=iphoneos*]" = "iPhone Developer";
				COPY_PHASE_STRIP = NO;
				ENABLE_STRICT_OBJC_MSGSEND = YES;
				GCC_C_LANGUAGE_STANDARD = gnu99;
				GCC_DYNAMIC_NO_PIC = NO;
				GCC_OPTIMIZATION_LEVEL = 0;
				GCC_PREPROCESSOR_DEFINITIONS = (
					"DEBUG=1",
					"$(inherited)",
				);
				GCC_SYMBOLS_PRIVATE_EXTERN = NO;
				GCC_WARN_64_TO_32_BIT_CONVERSION = YES;
				GCC_WARN_ABOUT_RETURN_TYPE = YES_ERROR;
				GCC_WARN_UNDECLARED_SELECTOR = YES;
				GCC_WARN_UNINITIALIZED_AUTOS = YES_AGGRESSIVE;
				GCC_WARN_UNUSED_FUNCTION = YES;
				GCC_WARN_UNUSED_VARIABLE = YES;
				IPHONEOS_DEPLOYMENT_TARGET = 8.1;
				MTL_ENABLE_DEBUG_INFO = YES;
				ONLY_ACTIVE_ARCH = YES;
				SDKROOT = iphoneos;
			};
			name = Debug;
		};
		4777128C1AAB70850053D433 /* Release */ = {
			isa = XCBuildConfiguration;
			buildSettings = {
				ALWAYS_SEARCH_USER_PATHS = NO;
				CLANG_CXX_LANGUAGE_STANDARD = "gnu++0x";
				CLANG_CXX_LIBRARY = "libc++";
				CLANG_ENABLE_MODULES = YES;
				CLANG_ENABLE_OBJC_ARC = YES;
				CLANG_WARN_BOOL_CONVERSION = YES;
				CLANG_WARN_CONSTANT_CONVERSION = YES;
				CLANG_WARN_DIRECT_OBJC_ISA_USAGE = YES_ERROR;
				CLANG_WARN_EMPTY_BODY = YES;
				CLANG_WARN_ENUM_CONVERSION = YES;
				CLANG_WARN_INT_CONVERSION = YES;
				CLANG_WARN_OBJC_ROOT_CLASS = YES_ERROR;
				CLANG_WARN_UNREACHABLE_CODE = YES;
				CLANG_WARN__DUPLICATE_METHOD_MATCH = YES;
				"CODE_SIGN_IDENTITY[sdk=iphoneos*]" = "iPhone Developer";
				COPY_PHASE_STRIP = YES;
				ENABLE_NS_ASSERTIONS = NO;
				ENABLE_STRICT_OBJC_MSGSEND = YES;
				GCC_C_LANGUAGE_STANDARD = gnu99;
				GCC_WARN_64_TO_32_BIT_CONVERSION = YES;
				GCC_WARN_ABOUT_RETURN_TYPE = YES_ERROR;
				GCC_WARN_UNDECLARED_SELECTOR = YES;
				GCC_WARN_UNINITIALIZED_AUTOS = YES_AGGRESSIVE;
				GCC_WARN_UNUSED_FUNCTION = YES;
				GCC_WARN_UNUSED_VARIABLE = YES;
				IPHONEOS_DEPLOYMENT_TARGET = 8.1;
				MTL_ENABLE_DEBUG_INFO = NO;
				SDKROOT = iphoneos;
				VALIDATE_PRODUCT = YES;
			};
			name = Release;
		};
		4777128E1AAB70850053D433 /* Debug */ = {
			isa = XCBuildConfiguration;
			buildSettings = {
				ASSETCATALOG_COMPILER_APPICON_NAME = AppIcon;
				INFOPLIST_FILE = GrumpyGif/Info.plist;
				LD_RUNPATH_SEARCH_PATHS = "$(inherited) @executable_path/Frameworks";
				PRODUCT_NAME = "$(TARGET_NAME)";
			};
			name = Debug;
		};
		4777128F1AAB70850053D433 /* Release */ = {
			isa = XCBuildConfiguration;
			buildSettings = {
				ASSETCATALOG_COMPILER_APPICON_NAME = AppIcon;
				INFOPLIST_FILE = GrumpyGif/Info.plist;
				LD_RUNPATH_SEARCH_PATHS = "$(inherited) @executable_path/Frameworks";
				PRODUCT_NAME = "$(TARGET_NAME)";
			};
			name = Release;
		};
		477712911AAB70850053D433 /* Debug */ = {
			isa = XCBuildConfiguration;
			buildSettings = {
				BUNDLE_LOADER = "$(TEST_HOST)";
				FRAMEWORK_SEARCH_PATHS = (
					"$(SDKROOT)/Developer/Library/Frameworks",
					"$(inherited)",
				);
				GCC_PREPROCESSOR_DEFINITIONS = (
					"DEBUG=1",
					"$(inherited)",
				);
				INFOPLIST_FILE = GrumpyGifTests/Info.plist;
				LD_RUNPATH_SEARCH_PATHS = "$(inherited) @executable_path/Frameworks @loader_path/Frameworks";
				PRODUCT_NAME = "$(TARGET_NAME)";
				TEST_HOST = "$(BUILT_PRODUCTS_DIR)/GrumpyGif.app/GrumpyGif";
			};
			name = Debug;
		};
		477712921AAB70850053D433 /* Release */ = {
			isa = XCBuildConfiguration;
			buildSettings = {
				BUNDLE_LOADER = "$(TEST_HOST)";
				FRAMEWORK_SEARCH_PATHS = (
					"$(SDKROOT)/Developer/Library/Frameworks",
					"$(inherited)",
				);
				INFOPLIST_FILE = GrumpyGifTests/Info.plist;
				LD_RUNPATH_SEARCH_PATHS = "$(inherited) @executable_path/Frameworks @loader_path/Frameworks";
				PRODUCT_NAME = "$(TARGET_NAME)";
				TEST_HOST = "$(BUILT_PRODUCTS_DIR)/GrumpyGif.app/GrumpyGif";
			};
			name = Release;
		};
/* End XCBuildConfiguration section */

/* Begin XCConfigurationList section */
		477712681AAB70850053D433 /* Build configuration list for PBXProject "GrumpyGif" */ = {
			isa = XCConfigurationList;
			buildConfigurations = (
				4777128B1AAB70850053D433 /* Debug */,
				4777128C1AAB70850053D433 /* Release */,
			);
			defaultConfigurationIsVisible = 0;
			defaultConfigurationName = Release;
		};
		4777128D1AAB70850053D433 /* Build configuration list for PBXNativeTarget "GrumpyGif" */ = {
			isa = XCConfigurationList;
			buildConfigurations = (
				4777128E1AAB70850053D433 /* Debug */,
				4777128F1AAB70850053D433 /* Release */,
			);
			defaultConfigurationIsVisible = 0;
		};
		477712901AAB70850053D433 /* Build configuration list for PBXNativeTarget "GrumpyGifTests" */ = {
			isa = XCConfigurationList;
			buildConfigurations = (
				477712911AAB70850053D433 /* Debug */,
				477712921AAB70850053D433 /* Release */,
			);
			defaultConfigurationIsVisible = 0;
		};
/* End XCConfigurationList section */

/* Begin XCVersionGroup section */
		477712771AAB70850053D433 /* GrumpyGif.xcdatamodeld */ = {
			isa = XCVersionGroup;
			children = (
				477712781AAB70850053D433 /* GrumpyGif.xcdatamodel */,
			);
			currentVersion = 477712781AAB70850053D433 /* GrumpyGif.xcdatamodel */;
			path = GrumpyGif.xcdatamodeld;
			sourceTree = "<group>";
			versionGroupType = wrapper.xcdatamodel;
		};
/* End XCVersionGroup section */
	};
	rootObject = 477712651AAB70850053D433 /* Project object */;
}
